
Microsoft Visual Studio Solution File, Format Version 12.00
# Visual Studio Version 16
VisualStudioVersion = 16.0.32106.194
MinimumVisualStudioVersion = 10.0.40219.1
Project("{FAE04EC0-301F-11D3-BF4B-00C04F79EFBC}") = "Assignment 4", "Assignment 4\Assignment 4.csproj", "{1FF99781-6271-4618-AC24-A0801C6AB048}"
EndProject
Global
	GlobalSection(SolutionConfigurationPlatforms) = preSolution
		Debug|Any CPU = Debug|Any CPU
		Release|Any CPU = Release|Any CPU
	EndGlobalSection
	GlobalSection(ProjectConfigurationPlatforms) = postSolution
		{1FF99781-6271-4618-AC24-A0801C6AB048}.Debug|Any CPU.ActiveCfg = Debug|Any CPU
		{1FF99781-6271-4618-AC24-A0801C6AB048}.Debug|Any CPU.Build.0 = Debug|Any CPU
		{1FF99781-6271-4618-AC24-A0801C6AB048}.Release|Any CPU.ActiveCfg = Release|Any CPU
		{1FF99781-6271-4618-AC24-A0801C6AB048}.Release|Any CPU.Build.0 = Release|Any CPU
	EndGlobalSection
	GlobalSection(SolutionProperties) = preSolution
		HideSolutionNode = FALSE
	EndGlobalSection
	GlobalSection(ExtensibilityGlobals) = postSolution
		SolutionGuid = {557F8865-C86F-436B-9291-75E7EB90C16D}
	EndGlobalSection
EndGlobal
